// !$*UTF8*$!
{
	archiveVersion = 1;
	classes = {
	};
	objectVersion = 50;
	objects = {

/* Begin PBXBuildFile section */
		2CAA29115F130E803DC2376A /* Pods_FlixterUITests.framework in Frameworks */ = {isa = PBXBuildFile; fileRef = 5051BDF03CD42AFC03A4965C /* Pods_FlixterUITests.framework */; };
		2F8A324B4EE2532D2A995709 /* Pods_FlixterTests.framework in Frameworks */ = {isa = PBXBuildFile; fileRef = 370BBF3C820302AC762F49F4 /* Pods_FlixterTests.framework */; };
		6C47FEA88AB009D87BEDA473 /* Pods_Flixter.framework in Frameworks */ = {isa = PBXBuildFile; fileRef = C5FEF73F2F75D7B51C72272A /* Pods_Flixter.framework */; };
		7D1ACD1821A3932000949D23 /* NowPlayingViewController.swift in Sources */ = {isa = PBXBuildFile; fileRef = 7D1ACD1721A3932000949D23 /* NowPlayingViewController.swift */; };
		7D1ACD1A21A3932F00949D23 /* movieCell.swift in Sources */ = {isa = PBXBuildFile; fileRef = 7D1ACD1921A3932F00949D23 /* movieCell.swift */; };
		7D1ACD1E21A39F2E00949D23 /* DetailViewController.swift in Sources */ = {isa = PBXBuildFile; fileRef = 7D1ACD1D21A39F2E00949D23 /* DetailViewController.swift */; };
		7D6D9A9D219FBE9200D74870 /* AppDelegate.swift in Sources */ = {isa = PBXBuildFile; fileRef = 7D6D9A9C219FBE9200D74870 /* AppDelegate.swift */; };
		7D6D9AA2219FBE9200D74870 /* Main.storyboard in Resources */ = {isa = PBXBuildFile; fileRef = 7D6D9AA0219FBE9200D74870 /* Main.storyboard */; };
		7D6D9AA4219FBE9200D74870 /* Assets.xcassets in Resources */ = {isa = PBXBuildFile; fileRef = 7D6D9AA3219FBE9200D74870 /* Assets.xcassets */; };
		7D6D9AA7219FBE9200D74870 /* LaunchScreen.storyboard in Resources */ = {isa = PBXBuildFile; fileRef = 7D6D9AA5219FBE9200D74870 /* LaunchScreen.storyboard */; };
		7D6D9AB2219FBE9200D74870 /* FlixterTests.swift in Sources */ = {isa = PBXBuildFile; fileRef = 7D6D9AB1219FBE9200D74870 /* FlixterTests.swift */; };
		7D6D9ABD219FBE9200D74870 /* FlixterUITests.swift in Sources */ = {isa = PBXBuildFile; fileRef = 7D6D9ABC219FBE9200D74870 /* FlixterUITests.swift */; };
/* End PBXBuildFile section */

/* Begin PBXContainerItemProxy section */
		7D6D9AAE219FBE9200D74870 /* PBXContainerItemProxy */ = {
			isa = PBXContainerItemProxy;
			containerPortal = 7D6D9A91219FBE9100D74870 /* Project object */;
			proxyType = 1;
			remoteGlobalIDString = 7D6D9A98219FBE9100D74870;
			remoteInfo = Flixter;
		};
		7D6D9AB9219FBE9200D74870 /* PBXContainerItemProxy */ = {
			isa = PBXContainerItemProxy;
			containerPortal = 7D6D9A91219FBE9100D74870 /* Project object */;
			proxyType = 1;
			remoteGlobalIDString = 7D6D9A98219FBE9100D74870;
			remoteInfo = Flixter;
		};
/* End PBXContainerItemProxy section */

/* Begin PBXFileReference section */
		05B09E0963FD85440F63CF7F /* Pods-Flixter.release.xcconfig */ = {isa = PBXFileReference; includeInIndex = 1; lastKnownFileType = text.xcconfig; name = "Pods-Flixter.release.xcconfig"; path = "Pods/Target Support Files/Pods-Flixter/Pods-Flixter.release.xcconfig"; sourceTree = "<group>"; };
		17087D9F4BF875B80A4941B5 /* Pods-FlixterTests.release.xcconfig */ = {isa = PBXFileReference; includeInIndex = 1; lastKnownFileType = text.xcconfig; name = "Pods-FlixterTests.release.xcconfig"; path = "Pods/Target Support Files/Pods-FlixterTests/Pods-FlixterTests.release.xcconfig"; sourceTree = "<group>"; };
		370BBF3C820302AC762F49F4 /* Pods_FlixterTests.framework */ = {isa = PBXFileReference; explicitFileType = wrapper.framework; includeInIndex = 0; path = Pods_FlixterTests.framework; sourceTree = BUILT_PRODUCTS_DIR; };
		5051BDF03CD42AFC03A4965C /* Pods_FlixterUITests.framework */ = {isa = PBXFileReference; explicitFileType = wrapper.framework; includeInIndex = 0; path = Pods_FlixterUITests.framework; sourceTree = BUILT_PRODUCTS_DIR; };
		742EE1AA372520701C5B3D80 /* Pods-FlixterTests.debug.xcconfig */ = {isa = PBXFileReference; includeInIndex = 1; lastKnownFileType = text.xcconfig; name = "Pods-FlixterTests.debug.xcconfig"; path = "Pods/Target Support Files/Pods-FlixterTests/Pods-FlixterTests.debug.xcconfig"; sourceTree = "<group>"; };
		7B4C3541B0AC8B50E58D217C /* Pods-FlixterUITests.release.xcconfig */ = {isa = PBXFileReference; includeInIndex = 1; lastKnownFileType = text.xcconfig; name = "Pods-FlixterUITests.release.xcconfig"; path = "Pods/Target Support Files/Pods-FlixterUITests/Pods-FlixterUITests.release.xcconfig"; sourceTree = "<group>"; };
		7D1ACD1721A3932000949D23 /* NowPlayingViewController.swift */ = {isa = PBXFileReference; fileEncoding = 4; lastKnownFileType = sourcecode.swift; path = NowPlayingViewController.swift; sourceTree = "<group>"; wrapsLines = 1; };
		7D1ACD1921A3932F00949D23 /* movieCell.swift */ = {isa = PBXFileReference; fileEncoding = 4; lastKnownFileType = sourcecode.swift; path = movieCell.swift; sourceTree = "<group>"; };
		7D1ACD1D21A39F2E00949D23 /* DetailViewController.swift */ = {isa = PBXFileReference; lastKnownFileType = sourcecode.swift; path = DetailViewController.swift; sourceTree = "<group>"; };
		7D6D9A99219FBE9100D74870 /* Flixter.app */ = {isa = PBXFileReference; explicitFileType = wrapper.application; includeInIndex = 0; path = Flixter.app; sourceTree = BUILT_PRODUCTS_DIR; };
		7D6D9A9C219FBE9200D74870 /* AppDelegate.swift */ = {isa = PBXFileReference; lastKnownFileType = sourcecode.swift; path = AppDelegate.swift; sourceTree = "<group>"; };
		7D6D9AA1219FBE9200D74870 /* Base */ = {isa = PBXFileReference; lastKnownFileType = file.storyboard; name = Base; path = Base.lproj/Main.storyboard; sourceTree = "<group>"; };
		7D6D9AA3219FBE9200D74870 /* Assets.xcassets */ = {isa = PBXFileReference; lastKnownFileType = folder.assetcatalog; path = Assets.xcassets; sourceTree = "<group>"; };
		7D6D9AA6219FBE9200D74870 /* Base */ = {isa = PBXFileReference; lastKnownFileType = file.storyboard; name = Base; path = Base.lproj/LaunchScreen.storyboard; sourceTree = "<group>"; };
		7D6D9AA8219FBE9200D74870 /* Info.plist */ = {isa = PBXFileReference; lastKnownFileType = text.plist.xml; path = Info.plist; sourceTree = "<group>"; };
		7D6D9AAD219FBE9200D74870 /* FlixterTests.xctest */ = {isa = PBXFileReference; explicitFileType = wrapper.cfbundle; includeInIndex = 0; path = FlixterTests.xctest; sourceTree = BUILT_PRODUCTS_DIR; };
		7D6D9AB1219FBE9200D74870 /* FlixterTests.swift */ = {isa = PBXFileReference; lastKnownFileType = sourcecode.swift; path = FlixterTests.swift; sourceTree = "<group>"; };
		7D6D9AB3219FBE9200D74870 /* Info.plist */ = {isa = PBXFileReference; lastKnownFileType = text.plist.xml; path = Info.plist; sourceTree = "<group>"; };
		7D6D9AB8219FBE9200D74870 /* FlixterUITests.xctest */ = {isa = PBXFileReference; explicitFileType = wrapper.cfbundle; includeInIndex = 0; path = FlixterUITests.xctest; sourceTree = BUILT_PRODUCTS_DIR; };
		7D6D9ABC219FBE9200D74870 /* FlixterUITests.swift */ = {isa = PBXFileReference; lastKnownFileType = sourcecode.swift; path = FlixterUITests.swift; sourceTree = "<group>"; };
		7D6D9ABE219FBE9200D74870 /* Info.plist */ = {isa = PBXFileReference; lastKnownFileType = text.plist.xml; path = Info.plist; sourceTree = "<group>"; };
		B911286C7487C97EC57475C9 /* Pods-FlixterUITests.debug.xcconfig */ = {isa = PBXFileReference; includeInIndex = 1; lastKnownFileType = text.xcconfig; name = "Pods-FlixterUITests.debug.xcconfig"; path = "Pods/Target Support Files/Pods-FlixterUITests/Pods-FlixterUITests.debug.xcconfig"; sourceTree = "<group>"; };
		C5FEF73F2F75D7B51C72272A /* Pods_Flixter.framework */ = {isa = PBXFileReference; explicitFileType = wrapper.framework; includeInIndex = 0; path = Pods_Flixter.framework; sourceTree = BUILT_PRODUCTS_DIR; };
		CC4B21D90C477C6665BA85FD /* Pods-Flixter.debug.xcconfig */ = {isa = PBXFileReference; includeInIndex = 1; lastKnownFileType = text.xcconfig; name = "Pods-Flixter.debug.xcconfig"; path = "Pods/Target Support Files/Pods-Flixter/Pods-Flixter.debug.xcconfig"; sourceTree = "<group>"; };
/* End PBXFileReference section */

/* Begin PBXFrameworksBuildPhase section */
		7D6D9A96219FBE9100D74870 /* Frameworks */ = {
			isa = PBXFrameworksBuildPhase;
			buildActionMask = 2147483647;
			files = (
				6C47FEA88AB009D87BEDA473 /* Pods_Flixter.framework in Frameworks */,
			);
			runOnlyForDeploymentPostprocessing = 0;
		};
		7D6D9AAA219FBE9200D74870 /* Frameworks */ = {
			isa = PBXFrameworksBuildPhase;
			buildActionMask = 2147483647;
			files = (
				2F8A324B4EE2532D2A995709 /* Pods_FlixterTests.framework in Frameworks */,
			);
			runOnlyForDeploymentPostprocessing = 0;
		};
		7D6D9AB5219FBE9200D74870 /* Frameworks */ = {
			isa = PBXFrameworksBuildPhase;
			buildActionMask = 2147483647;
			files = (
				2CAA29115F130E803DC2376A /* Pods_FlixterUITests.framework in Frameworks */,
			);
			runOnlyForDeploymentPostprocessing = 0;
		};
/* End PBXFrameworksBuildPhase section */

/* Begin PBXGroup section */
		7D1ACD1B21A39E9100949D23 /* ViewControllers */ = {
			isa = PBXGroup;
			children = (
				7D1ACD1721A3932000949D23 /* NowPlayingViewController.swift */,
				7D1ACD1D21A39F2E00949D23 /* DetailViewController.swift */,
			);
			path = ViewControllers;
			sourceTree = "<group>";
		};
		7D1ACD1C21A39EA200949D23 /* Views */ = {
			isa = PBXGroup;
			children = (
				7D1ACD1921A3932F00949D23 /* movieCell.swift */,
			);
			path = Views;
			sourceTree = "<group>";
		};
		7D6D9A90219FBE9100D74870 = {
			isa = PBXGroup;
			children = (
				7D6D9A9B219FBE9100D74870 /* Flixter */,
				7D6D9AB0219FBE9200D74870 /* FlixterTests */,
				7D6D9ABB219FBE9200D74870 /* FlixterUITests */,
				7D6D9A9A219FBE9100D74870 /* Products */,
				7E8B155886A3CF91B89EED58 /* Pods */,
				8D5F87D0DC875E7B0F490EC4 /* Frameworks */,
			);
			sourceTree = "<group>";
		};
		7D6D9A9A219FBE9100D74870 /* Products */ = {
			isa = PBXGroup;
			children = (
				7D6D9A99219FBE9100D74870 /* Flixter.app */,
				7D6D9AAD219FBE9200D74870 /* FlixterTests.xctest */,
				7D6D9AB8219FBE9200D74870 /* FlixterUITests.xctest */,
			);
			name = Products;
			sourceTree = "<group>";
		};
		7D6D9A9B219FBE9100D74870 /* Flixter */ = {
			isa = PBXGroup;
			children = (
				7D1ACD1C21A39EA200949D23 /* Views */,
				7D1ACD1B21A39E9100949D23 /* ViewControllers */,
				7D6D9A9C219FBE9200D74870 /* AppDelegate.swift */,
				7D6D9AA0219FBE9200D74870 /* Main.storyboard */,
				7D6D9AA3219FBE9200D74870 /* Assets.xcassets */,
				7D6D9AA5219FBE9200D74870 /* LaunchScreen.storyboard */,
				7D6D9AA8219FBE9200D74870 /* Info.plist */,
			);
			path = Flixter;
			sourceTree = "<group>";
		};
		7D6D9AB0219FBE9200D74870 /* FlixterTests */ = {
			isa = PBXGroup;
			children = (
				7D6D9AB1219FBE9200D74870 /* FlixterTests.swift */,
				7D6D9AB3219FBE9200D74870 /* Info.plist */,
			);
			path = FlixterTests;
			sourceTree = "<group>";
		};
		7D6D9ABB219FBE9200D74870 /* FlixterUITests */ = {
			isa = PBXGroup;
			children = (
				7D6D9ABC219FBE9200D74870 /* FlixterUITests.swift */,
				7D6D9ABE219FBE9200D74870 /* Info.plist */,
			);
			path = FlixterUITests;
			sourceTree = "<group>";
		};
		7E8B155886A3CF91B89EED58 /* Pods */ = {
			isa = PBXGroup;
			children = (
				CC4B21D90C477C6665BA85FD /* Pods-Flixter.debug.xcconfig */,
				05B09E0963FD85440F63CF7F /* Pods-Flixter.release.xcconfig */,
				742EE1AA372520701C5B3D80 /* Pods-FlixterTests.debug.xcconfig */,
				17087D9F4BF875B80A4941B5 /* Pods-FlixterTests.release.xcconfig */,
				B911286C7487C97EC57475C9 /* Pods-FlixterUITests.debug.xcconfig */,
				7B4C3541B0AC8B50E58D217C /* Pods-FlixterUITests.release.xcconfig */,
			);
			name = Pods;
			sourceTree = "<group>";
		};
		8D5F87D0DC875E7B0F490EC4 /* Frameworks */ = {
			isa = PBXGroup;
			children = (
				C5FEF73F2F75D7B51C72272A /* Pods_Flixter.framework */,
				370BBF3C820302AC762F49F4 /* Pods_FlixterTests.framework */,
				5051BDF03CD42AFC03A4965C /* Pods_FlixterUITests.framework */,
			);
			name = Frameworks;
			sourceTree = "<group>";
		};
/* End PBXGroup section */

/* Begin PBXNativeTarget section */
		7D6D9A98219FBE9100D74870 /* Flixter */ = {
			isa = PBXNativeTarget;
			buildConfigurationList = 7D6D9AC1219FBE9200D74870 /* Build configuration list for PBXNativeTarget "Flixter" */;
			buildPhases = (
				19E3D9FCFE14FC29B4BD7187 /* [CP] Check Pods Manifest.lock */,
				7D6D9A95219FBE9100D74870 /* Sources */,
				7D6D9A96219FBE9100D74870 /* Frameworks */,
				7D6D9A97219FBE9100D74870 /* Resources */,
				881E50CEA061FC06D13EDB71 /* [CP] Embed Pods Frameworks */,
			);
			buildRules = (
			);
			dependencies = (
			);
			name = Flixter;
			productName = Flixter;
			productReference = 7D6D9A99219FBE9100D74870 /* Flixter.app */;
			productType = "com.apple.product-type.application";
		};
		7D6D9AAC219FBE9200D74870 /* FlixterTests */ = {
			isa = PBXNativeTarget;
			buildConfigurationList = 7D6D9AC4219FBE9200D74870 /* Build configuration list for PBXNativeTarget "FlixterTests" */;
			buildPhases = (
				0AF5F920E69B472AB4F0FFD2 /* [CP] Check Pods Manifest.lock */,
				7D6D9AA9219FBE9200D74870 /* Sources */,
				7D6D9AAA219FBE9200D74870 /* Frameworks */,
				7D6D9AAB219FBE9200D74870 /* Resources */,
			);
			buildRules = (
			);
			dependencies = (
				7D6D9AAF219FBE9200D74870 /* PBXTargetDependency */,
			);
			name = FlixterTests;
			productName = FlixterTests;
			productReference = 7D6D9AAD219FBE9200D74870 /* FlixterTests.xctest */;
			productType = "com.apple.product-type.bundle.unit-test";
		};
		7D6D9AB7219FBE9200D74870 /* FlixterUITests */ = {
			isa = PBXNativeTarget;
			buildConfigurationList = 7D6D9AC7219FBE9200D74870 /* Build configuration list for PBXNativeTarget "FlixterUITests" */;
			buildPhases = (
				8154BE7829D96318079A90CC /* [CP] Check Pods Manifest.lock */,
				7D6D9AB4219FBE9200D74870 /* Sources */,
				7D6D9AB5219FBE9200D74870 /* Frameworks */,
				7D6D9AB6219FBE9200D74870 /* Resources */,
			);
			buildRules = (
			);
			dependencies = (
				7D6D9ABA219FBE9200D74870 /* PBXTargetDependency */,
			);
			name = FlixterUITests;
			productName = FlixterUITests;
			productReference = 7D6D9AB8219FBE9200D74870 /* FlixterUITests.xctest */;
			productType = "com.apple.product-type.bundle.ui-testing";
		};
/* End PBXNativeTarget section */

/* Begin PBXProject section */
		7D6D9A91219FBE9100D74870 /* Project object */ = {
			isa = PBXProject;
			attributes = {
				LastSwiftUpdateCheck = 1010;
				LastUpgradeCheck = 1010;
				ORGANIZATIONNAME = "Jorge Alejandre";
				TargetAttributes = {
					7D6D9A98219FBE9100D74870 = {
						CreatedOnToolsVersion = 10.1;
					};
					7D6D9AAC219FBE9200D74870 = {
						CreatedOnToolsVersion = 10.1;
						TestTargetID = 7D6D9A98219FBE9100D74870;
					};
					7D6D9AB7219FBE9200D74870 = {
						CreatedOnToolsVersion = 10.1;
						TestTargetID = 7D6D9A98219FBE9100D74870;
					};
				};
			};
			buildConfigurationList = 7D6D9A94219FBE9100D74870 /* Build configuration list for PBXProject "Flixter" */;
			compatibilityVersion = "Xcode 9.3";
			developmentRegion = en;
			hasScannedForEncodings = 0;
			knownRegions = (
				en,
				Base,
			);
			mainGroup = 7D6D9A90219FBE9100D74870;
			productRefGroup = 7D6D9A9A219FBE9100D74870 /* Products */;
			projectDirPath = "";
			projectRoot = "";
			targets = (
				7D6D9A98219FBE9100D74870 /* Flixter */,
				7D6D9AAC219FBE9200D74870 /* FlixterTests */,
				7D6D9AB7219FBE9200D74870 /* FlixterUITests */,
			);
		};
/* End PBXProject section */

/* Begin PBXResourcesBuildPhase section */
		7D6D9A97219FBE9100D74870 /* Resources */ = {
			isa = PBXResourcesBuildPhase;
			buildActionMask = 2147483647;
			files = (
				7D6D9AA7219FBE9200D74870 /* LaunchScreen.storyboard in Resources */,
				7D6D9AA4219FBE9200D74870 /* Assets.xcassets in Resources */,
				7D6D9AA2219FBE9200D74870 /* Main.storyboard in Resources */,
			);
			runOnlyForDeploymentPostprocessing = 0;
		};
		7D6D9AAB219FBE9200D74870 /* Resources */ = {
			isa = PBXResourcesBuildPhase;
			buildActionMask = 2147483647;
			files = (
			);
			runOnlyForDeploymentPostprocessing = 0;
		};
		7D6D9AB6219FBE9200D74870 /* Resources */ = {
			isa = PBXResourcesBuildPhase;
			buildActionMask = 2147483647;
			files = (
			);
			runOnlyForDeploymentPostprocessing = 0;
		};
/* End PBXResourcesBuildPhase section */

/* Begin PBXShellScriptBuildPhase section */
		0AF5F920E69B472AB4F0FFD2 /* [CP] Check Pods Manifest.lock */ = {
			isa = PBXShellScriptBuildPhase;
			buildActionMask = 2147483647;
			files = (
			);
			inputFileListPaths = (
			);
			inputPaths = (
				"${PODS_PODFILE_DIR_PATH}/Podfile.lock",
				"${PODS_ROOT}/Manifest.lock",
			);
			name = "[CP] Check Pods Manifest.lock";
			outputFileListPaths = (
			);
			outputPaths = (
				"$(DERIVED_FILE_DIR)/Pods-FlixterTests-checkManifestLockResult.txt",
			);
			runOnlyForDeploymentPostprocessing = 0;
			shellPath = /bin/sh;
			shellScript = "diff \"${PODS_PODFILE_DIR_PATH}/Podfile.lock\" \"${PODS_ROOT}/Manifest.lock\" > /dev/null\nif [ $? != 0 ] ; then\n    # print error to STDERR\n    echo \"error: The sandbox is not in sync with the Podfile.lock. Run 'pod install' or update your CocoaPods installation.\" >&2\n    exit 1\nfi\n# This output is used by Xcode 'outputs' to avoid re-running this script phase.\necho \"SUCCESS\" > \"${SCRIPT_OUTPUT_FILE_0}\"\n";
			showEnvVarsInLog = 0;
		};
		19E3D9FCFE14FC29B4BD7187 /* [CP] Check Pods Manifest.lock */ = {
			isa = PBXShellScriptBuildPhase;
			buildActionMask = 2147483647;
			files = (
			);
			inputFileListPaths = (
			);
			inputPaths = (
				"${PODS_PODFILE_DIR_PATH}/Podfile.lock",
				"${PODS_ROOT}/Manifest.lock",
			);
			name = "[CP] Check Pods Manifest.lock";
			outputFileListPaths = (
			);
			outputPaths = (
				"$(DERIVED_FILE_DIR)/Pods-Flixter-checkManifestLockResult.txt",
			);
			runOnlyForDeploymentPostprocessing = 0;
			shellPath = /bin/sh;
			shellScript = "diff \"${PODS_PODFILE_DIR_PATH}/Podfile.lock\" \"${PODS_ROOT}/Manifest.lock\" > /dev/null\nif [ $? != 0 ] ; then\n    # print error to STDERR\n    echo \"error: The sandbox is not in sync with the Podfile.lock. Run 'pod install' or update your CocoaPods installation.\" >&2\n    exit 1\nfi\n# This output is used by Xcode 'outputs' to avoid re-running this script phase.\necho \"SUCCESS\" > \"${SCRIPT_OUTPUT_FILE_0}\"\n";
			showEnvVarsInLog = 0;
		};
		8154BE7829D96318079A90CC /* [CP] Check Pods Manifest.lock */ = {
			isa = PBXShellScriptBuildPhase;
			buildActionMask = 2147483647;
			files = (
			);
			inputFileListPaths = (
			);
			inputPaths = (
				"${PODS_PODFILE_DIR_PATH}/Podfile.lock",
				"${PODS_ROOT}/Manifest.lock",
			);
			name = "[CP] Check Pods Manifest.lock";
			outputFileListPaths = (
			);
			outputPaths = (
				"$(DERIVED_FILE_DIR)/Pods-FlixterUITests-checkManifestLockResult.txt",
			);
			runOnlyForDeploymentPostprocessing = 0;
			shellPath = /bin/sh;
			shellScript = "diff \"${PODS_PODFILE_DIR_PATH}/Podfile.lock\" \"${PODS_ROOT}/Manifest.lock\" > /dev/null\nif [ $? != 0 ] ; then\n    # print error to STDERR\n    echo \"error: The sandbox is not in sync with the Podfile.lock. Run 'pod install' or update your CocoaPods installation.\" >&2\n    exit 1\nfi\n# This output is used by Xcode 'outputs' to avoid re-running this script phase.\necho \"SUCCESS\" > \"${SCRIPT_OUTPUT_FILE_0}\"\n";
			showEnvVarsInLog = 0;
		};
		881E50CEA061FC06D13EDB71 /* [CP] Embed Pods Frameworks */ = {
			isa = PBXShellScriptBuildPhase;
			buildActionMask = 2147483647;
			files = (
			);
			inputFileListPaths = (
			);
			inputPaths = (
				"${SRCROOT}/Pods/Target Support Files/Pods-Flixter/Pods-Flixter-frameworks.sh",
				"${BUILT_PRODUCTS_DIR}/Alamofire/Alamofire.framework",
				"${BUILT_PRODUCTS_DIR}/AlamofireImage/AlamofireImage.framework",
			);
			name = "[CP] Embed Pods Frameworks";
			outputFileListPaths = (
			);
			outputPaths = (
				"${TARGET_BUILD_DIR}/${FRAMEWORKS_FOLDER_PATH}/Alamofire.framework",
				"${TARGET_BUILD_DIR}/${FRAMEWORKS_FOLDER_PATH}/AlamofireImage.framework",
			);
			runOnlyForDeploymentPostprocessing = 0;
			shellPath = /bin/sh;
			shellScript = "\"${SRCROOT}/Pods/Target Support Files/Pods-Flixter/Pods-Flixter-frameworks.sh\"\n";
			showEnvVarsInLog = 0;
		};
/* End PBXShellScriptBuildPhase section */

/* Begin PBXSourcesBuildPhase section */
		7D6D9A95219FBE9100D74870 /* Sources */ = {
			isa = PBXSourcesBuildPhase;
			buildActionMask = 2147483647;
			files = (
				7D1ACD1A21A3932F00949D23 /* movieCell.swift in Sources */,
				7D1ACD1821A3932000949D23 /* NowPlayingViewController.swift in Sources */,
				7D6D9A9D219FBE9200D74870 /* AppDelegate.swift in Sources */,
				7D1ACD1E21A39F2E00949D23 /* DetailViewController.swift in Sources */,
			);
			runOnlyForDeploymentPostprocessing = 0;
		};
		7D6D9AA9219FBE9200D74870 /* Sources */ = {
			isa = PBXSourcesBuildPhase;
			buildActionMask = 2147483647;
			files = (
				7D6D9AB2219FBE9200D74870 /* FlixterTests.swift in Sources */,
			);
			runOnlyForDeploymentPostprocessing = 0;
		};
		7D6D9AB4219FBE9200D74870 /* Sources */ = {
			isa = PBXSourcesBuildPhase;
			buildActionMask = 2147483647;
			files = (
				7D6D9ABD219FBE9200D74870 /* FlixterUITests.swift in Sources */,
			);
			runOnlyForDeploymentPostprocessing = 0;
		};
/* End PBXSourcesBuildPhase section */

/* Begin PBXTargetDependency section */
		7D6D9AAF219FBE9200D74870 /* PBXTargetDependency */ = {
			isa = PBXTargetDependency;
			target = 7D6D9A98219FBE9100D74870 /* Flixter */;
			targetProxy = 7D6D9AAE219FBE9200D74870 /* PBXContainerItemProxy */;
		};
		7D6D9ABA219FBE9200D74870 /* PBXTargetDependency */ = {
			isa = PBXTargetDependency;
			target = 7D6D9A98219FBE9100D74870 /* Flixter */;
			targetProxy = 7D6D9AB9219FBE9200D74870 /* PBXContainerItemProxy */;
		};
/* End PBXTargetDependency section */

/* Begin PBXVariantGroup section */
		7D6D9AA0219FBE9200D74870 /* Main.storyboard */ = {
			isa = PBXVariantGroup;
			children = (
				7D6D9AA1219FBE9200D74870 /* Base */,
			);
			name = Main.storyboard;
			sourceTree = "<group>";
		};
		7D6D9AA5219FBE9200D74870 /* LaunchScreen.storyboard */ = {
			isa = PBXVariantGroup;
			children = (
				7D6D9AA6219FBE9200D74870 /* Base */,
			);
			name = LaunchScreen.storyboard;
			sourceTree = "<group>";
		};
/* End PBXVariantGroup section */

/* Begin XCBuildConfiguration section */
		7D6D9ABF219FBE9200D74870 /* Debug */ = {
			isa = XCBuildConfiguration;
			buildSettings = {
				ALWAYS_SEARCH_USER_PATHS = NO;
				CLANG_ANALYZER_NONNULL = YES;
				CLANG_ANALYZER_NUMBER_OBJECT_CONVERSION = YES_AGGRESSIVE;
				CLANG_CXX_LANGUAGE_STANDARD = "gnu++14";
				CLANG_CXX_LIBRARY = "libc++";
				CLANG_ENABLE_MODULES = YES;
				CLANG_ENABLE_OBJC_ARC = YES;
				CLANG_ENABLE_OBJC_WEAK = YES;
				CLANG_WARN_BLOCK_CAPTURE_AUTORELEASING = YES;
				CLANG_WARN_BOOL_CONVERSION = YES;
				CLANG_WARN_COMMA = YES;
				CLANG_WARN_CONSTANT_CONVERSION = YES;
				CLANG_WARN_DEPRECATED_OBJC_IMPLEMENTATIONS = YES;
				CLANG_WARN_DIRECT_OBJC_ISA_USAGE = YES_ERROR;
				CLANG_WARN_DOCUMENTATION_COMMENTS = YES;
				CLANG_WARN_EMPTY_BODY = YES;
				CLANG_WARN_ENUM_CONVERSION = YES;
				CLANG_WARN_INFINITE_RECURSION = YES;
				CLANG_WARN_INT_CONVERSION = YES;
				CLANG_WARN_NON_LITERAL_NULL_CONVERSION = YES;
				CLANG_WARN_OBJC_IMPLICIT_RETAIN_SELF = YES;
				CLANG_WARN_OBJC_LITERAL_CONVERSION = YES;
				CLANG_WARN_OBJC_ROOT_CLASS = YES_ERROR;
				CLANG_WARN_RANGE_LOOP_ANALYSIS = YES;
				CLANG_WARN_STRICT_PROTOTYPES = YES;
				CLANG_WARN_SUSPICIOUS_MOVE = YES;
				CLANG_WARN_UNGUARDED_AVAILABILITY = YES_AGGRESSIVE;
				CLANG_WARN_UNREACHABLE_CODE = YES;
				CLANG_WARN__DUPLICATE_METHOD_MATCH = YES;
				CODE_SIGN_IDENTITY = "iPhone Developer";
				COPY_PHASE_STRIP = NO;
				DEBUG_INFORMATION_FORMAT = dwarf;
				ENABLE_STRICT_OBJC_MSGSEND = YES;
				ENABLE_TESTABILITY = YES;
				GCC_C_LANGUAGE_STANDARD = gnu11;
				GCC_DYNAMIC_NO_PIC = NO;
				GCC_NO_COMMON_BLOCKS = YES;
				GCC_OPTIMIZATION_LEVEL = 0;
				GCC_PREPROCESSOR_DEFINITIONS = (
					"DEBUG=1",
					"$(inherited)",
				);
				GCC_WARN_64_TO_32_BIT_CONVERSION = YES;
				GCC_WARN_ABOUT_RETURN_TYPE = YES_ERROR;
				GCC_WARN_UNDECLARED_SELECTOR = YES;
				GCC_WARN_UNINITIALIZED_AUTOS = YES_AGGRESSIVE;
				GCC_WARN_UNUSED_FUNCTION = YES;
				GCC_WARN_UNUSED_VARIABLE = YES;
				IPHONEOS_DEPLOYMENT_TARGET = 12.1;
				MTL_ENABLE_DEBUG_INFO = INCLUDE_SOURCE;
				MTL_FAST_MATH = YES;
				ONLY_ACTIVE_ARCH = YES;
				SDKROOT = iphoneos;
				SWIFT_ACTIVE_COMPILATION_CONDITIONS = DEBUG;
				SWIFT_OPTIMIZATION_LEVEL = "-Onone";
			};
			name = Debug;
		};
		7D6D9AC0219FBE9200D74870 /* Release */ = {
			isa = XCBuildConfiguration;
			buildSettings = {
				ALWAYS_SEARCH_USER_PATHS = NO;
				CLANG_ANALYZER_NONNULL = YES;
				CLANG_ANALYZER_NUMBER_OBJECT_CONVERSION = YES_AGGRESSIVE;
				CLANG_CXX_LANGUAGE_STANDARD = "gnu++14";
				CLANG_CXX_LIBRARY = "libc++";
				CLANG_ENABLE_MODULES = YES;
				CLANG_ENABLE_OBJC_ARC = YES;
				CLANG_ENABLE_OBJC_WEAK = YES;
				CLANG_WARN_BLOCK_CAPTURE_AUTORELEASING = YES;
				CLANG_WARN_BOOL_CONVERSION = YES;
				CLANG_WARN_COMMA = YES;
				CLANG_WARN_CONSTANT_CONVERSION = YES;
				CLANG_WARN_DEPRECATED_OBJC_IMPLEMENTATIONS = YES;
				CLANG_WARN_DIRECT_OBJC_ISA_USAGE = YES_ERROR;
				CLANG_WARN_DOCUMENTATION_COMMENTS = YES;
				CLANG_WARN_EMPTY_BODY = YES;
				CLANG_WARN_ENUM_CONVERSION = YES;
				CLANG_WARN_INFINITE_RECURSION = YES;
				CLANG_WARN_INT_CONVERSION = YES;
				CLANG_WARN_NON_LITERAL_NULL_CONVERSION = YES;
				CLANG_WARN_OBJC_IMPLICIT_RETAIN_SELF = YES;
				CLANG_WARN_OBJC_LITERAL_CONVERSION = YES;
				CLANG_WARN_OBJC_ROOT_CLASS = YES_ERROR;
				CLANG_WARN_RANGE_LOOP_ANALYSIS = YES;
				CLANG_WARN_STRICT_PROTOTYPES = YES;
				CLANG_WARN_SUSPICIOUS_MOVE = YES;
				CLANG_WARN_UNGUARDED_AVAILABILITY = YES_AGGRESSIVE;
				CLANG_WARN_UNREACHABLE_CODE = YES;
				CLANG_WARN__DUPLICATE_METHOD_MATCH = YES;
				CODE_SIGN_IDENTITY = "iPhone Developer";
				COPY_PHASE_STRIP = NO;
				DEBUG_INFORMATION_FORMAT = "dwarf-with-dsym";
				ENABLE_NS_ASSERTIONS = NO;
				ENABLE_STRICT_OBJC_MSGSEND = YES;
				GCC_C_LANGUAGE_STANDARD = gnu11;
				GCC_NO_COMMON_BLOCKS = YES;
				GCC_WARN_64_TO_32_BIT_CONVERSION = YES;
				GCC_WARN_ABOUT_RETURN_TYPE = YES_ERROR;
				GCC_WARN_UNDECLARED_SELECTOR = YES;
				GCC_WARN_UNINITIALIZED_AUTOS = YES_AGGRESSIVE;
				GCC_WARN_UNUSED_FUNCTION = YES;
				GCC_WARN_UNUSED_VARIABLE = YES;
				IPHONEOS_DEPLOYMENT_TARGET = 12.1;
				MTL_ENABLE_DEBUG_INFO = NO;
				MTL_FAST_MATH = YES;
				SDKROOT = iphoneos;
				SWIFT_COMPILATION_MODE = wholemodule;
				SWIFT_OPTIMIZATION_LEVEL = "-O";
				VALIDATE_PRODUCT = YES;
			};
			name = Release;
		};
		7D6D9AC2219FBE9200D74870 /* Debug */ = {
			isa = XCBuildConfiguration;
			baseConfigurationReference = CC4B21D90C477C6665BA85FD /* Pods-Flixter.debug.xcconfig */;
			buildSettings = {
				ASSETCATALOG_COMPILER_APPICON_NAME = AppIcon;
				CODE_SIGN_STYLE = Automatic;
				INFOPLIST_FILE = Flixter/Info.plist;
				LD_RUNPATH_SEARCH_PATHS = (
					"$(inherited)",
					"@executable_path/Frameworks",
				);
				PRODUCT_BUNDLE_IDENTIFIER = Flixter.Flixter;
				PRODUCT_NAME = "$(TARGET_NAME)";
				SWIFT_VERSION = 4.2;
				TARGETED_DEVICE_FAMILY = "1,2";
			};
			name = Debug;
		};
		7D6D9AC3219FBE9200D74870 /* Release */ = {
			isa = XCBuildConfiguration;
			baseConfigurationReference = 05B09E0963FD85440F63CF7F /* Pods-Flixter.release.xcconfig */;
			buildSettings = {
				ASSETCATALOG_COMPILER_APPICON_NAME = AppIcon;
				CODE_SIGN_STYLE = Automatic;
				INFOPLIST_FILE = Flixter/Info.plist;
				LD_RUNPATH_SEARCH_PATHS = (
					"$(inherited)",
					"@executable_path/Frameworks",
				);
				PRODUCT_BUNDLE_IDENTIFIER = Flixter.Flixter;
				PRODUCT_NAME = "$(TARGET_NAME)";
				SWIFT_VERSION = 4.2;
				TARGETED_DEVICE_FAMILY = "1,2";
			};
			name = Release;
		};
		7D6D9AC5219FBE9200D74870 /* Debug */ = {
			isa = XCBuildConfiguration;
			baseConfigurationReference = 742EE1AA372520701C5B3D80 /* Pods-FlixterTests.debug.xcconfig */;
			buildSettings = {
				ALWAYS_EMBED_SWIFT_STANDARD_LIBRARIES = YES;
				BUNDLE_LOADER = "$(TEST_HOST)";
				CODE_SIGN_STYLE = Automatic;
				INFOPLIST_FILE = FlixterTests/Info.plist;
				LD_RUNPATH_SEARCH_PATHS = (
					"$(inherited)",
					"@executable_path/Frameworks",
					"@loader_path/Frameworks",
				);
				PRODUCT_BUNDLE_IDENTIFIER = Flixter.FlixterTests;
				PRODUCT_NAME = "$(TARGET_NAME)";
				SWIFT_VERSION = 4.2;
				TARGETED_DEVICE_FAMILY = "1,2";
				TEST_HOST = "$(BUILT_PRODUCTS_DIR)/Flixter.app/Flixter";
			};
			name = Debug;
		};
		7D6D9AC6219FBE9200D74870 /* Release */ = {
			isa = XCBuildConfiguration;
			baseConfigurationReference = 17087D9F4BF875B80A4941B5 /* Pods-FlixterTests.release.xcconfig */;
			buildSettings = {
				ALWAYS_EMBED_SWIFT_STANDARD_LIBRARIES = YES;
				BUNDLE_LOADER = "$(TEST_HOST)";
				CODE_SIGN_STYLE = Automatic;
				INFOPLIST_FILE = FlixterTests/Info.plist;
				LD_RUNPATH_SEARCH_PATHS = (
					"$(inherited)",
					"@executable_path/Frameworks",
					"@loader_path/Frameworks",
				);
				PRODUCT_BUNDLE_IDENTIFIER = Flixter.FlixterTests;
				PRODUCT_NAME = "$(TARGET_NAME)";
				SWIFT_VERSION = 4.2;
				TARGETED_DEVICE_FAMILY = "1,2";
				TEST_HOST = "$(BUILT_PRODUCTS_DIR)/Flixter.app/Flixter";
			};
			name = Release;
		};
		7D6D9AC8219FBE9200D74870 /* Debug */ = {
			isa = XCBuildConfiguration;
			baseConfigurationReference = B911286C7487C97EC57475C9 /* Pods-FlixterUITests.debug.xcconfig */;
			buildSettings = {
				ALWAYS_EMBED_SWIFT_STANDARD_LIBRARIES = YES;
				CODE_SIGN_STYLE = Automatic;
				INFOPLIST_FILE = FlixterUITests/Info.plist;
				LD_RUNPATH_SEARCH_PATHS = (
					"$(inherited)",
					"@executable_path/Frameworks",
					"@loader_path/Frameworks",
				);
				PRODUCT_BUNDLE_IDENTIFIER = Flixter.FlixterUITests;
				PRODUCT_NAME = "$(TARGET_NAME)";
				SWIFT_VERSION = 4.2;
				TARGETED_DEVICE_FAMILY = "1,2";
				TEST_TARGET_NAME = Flixter;
			};
			name = Debug;
		};
		7D6D9AC9219FBE9200D74870 /* Release */ = {
			isa = XCBuildConfiguration;
			baseConfigurationReference = 7B4C3541B0AC8B50E58D217C /* Pods-FlixterUITests.release.xcconfig */;
			buildSettings = {
				ALWAYS_EMBED_SWIFT_STANDARD_LIBRARIES = YES;
				CODE_SIGN_STYLE = Automatic;
				INFOPLIST_FILE = FlixterUITests/Info.plist;
				LD_RUNPATH_SEARCH_PATHS = (
					"$(inherited)",
					"@executable_path/Frameworks",
					"@loader_path/Frameworks",
				);
				PRODUCT_BUNDLE_IDENTIFIER = Flixter.FlixterUITests;
				PRODUCT_NAME = "$(TARGET_NAME)";
				SWIFT_VERSION = 4.2;
				TARGETED_DEVICE_FAMILY = "1,2";
				TEST_TARGET_NAME = Flixter;
			};
			name = Release;
		};
/* End XCBuildConfiguration section */

/* Begin XCConfigurationList section */
		7D6D9A94219FBE9100D74870 /* Build configuration list for PBXProject "Flixter" */ = {
			isa = XCConfigurationList;
			buildConfigurations = (
				7D6D9ABF219FBE9200D74870 /* Debug */,
				7D6D9AC0219FBE9200D74870 /* Release */,
			);
			defaultConfigurationIsVisible = 0;
			defaultConfigurationName = Release;
		};
		7D6D9AC1219FBE9200D74870 /* Build configuration list for PBXNativeTarget "Flixter" */ = {
			isa = XCConfigurationList;
			buildConfigurations = (
				7D6D9AC2219FBE9200D74870 /* Debug */,
				7D6D9AC3219FBE9200D74870 /* Release */,
			);
			defaultConfigurationIsVisible = 0;
			defaultConfigurationName = Release;
		};
		7D6D9AC4219FBE9200D74870 /* Build configuration list for PBXNativeTarget "FlixterTests" */ = {
			isa = XCConfigurationList;
			buildConfigurations = (
				7D6D9AC5219FBE9200D74870 /* Debug */,
				7D6D9AC6219FBE9200D74870 /* Release */,
			);
			defaultConfigurationIsVisible = 0;
			defaultConfigurationName = Release;
		};
		7D6D9AC7219FBE9200D74870 /* Build configuration list for PBXNativeTarget "FlixterUITests" */ = {
			isa = XCConfigurationList;
			buildConfigurations = (
				7D6D9AC8219FBE9200D74870 /* Debug */,
				7D6D9AC9219FBE9200D74870 /* Release */,
			);
			defaultConfigurationIsVisible = 0;
			defaultConfigurationName = Release;
		};
/* End XCConfigurationList section */
	};
	rootObject = 7D6D9A91219FBE9100D74870 /* Project object */;
}
